Microsoft Visual Studio Solution File, Format Version 10.00

# Visual Studio 2008

Project("{9E727FDD-3AEC-8274-F466-85441900280D}") = "Project", "Project.csproj", "{2F8288E5-7CB5-F0DF-85FE-F1366A54ED79}"
EndProject
Global
	GlobalSection(SolutionConfigurationPlatforms) = preSolution
		Debug|Any CPU = Debug|Any CPU
		Release|Any CPU = Release|Any CPU
	EndGlobalSection
	GlobalSection(ProjectConfigurationPlatforms) = postSolution
		{2F8288E5-7CB5-F0DF-85FE-F1366A54ED79}.Debug|Any CPU.ActiveCfg = Debug|Any CPU
		{2F8288E5-7CB5-F0DF-85FE-F1366A54ED79}.Debug|Any CPU.Build.0 = Debug|Any CPU
		{2F8288E5-7CB5-F0DF-85FE-F1366A54ED79}.Release|Any CPU.ActiveCfg = Release|Any CPU
		{2F8288E5-7CB5-F0DF-85FE-F1366A54ED79}.Release|Any CPU.Build.0 = Release|Any CPU
	EndGlobalSection
	GlobalSection(SolutionProperties) = preSolution
		HideSolutionNode = FALSE
	EndGlobalSection
EndGlobal
